// !$*UTF8*$!
{
	archiveVersion = 1;
	classes = {
	};
	objectVersion = 46;
	objects = {

/* Begin PBXBuildFile section */
		2F5584431CDE74D8004E47EE /* Images.xcassets in Resources */ = {isa = PBXBuildFile; fileRef = 2F5584421CDE74D8004E47EE /* Images.xcassets */; };
		2F5584461CDE7A43004E47EE /* ZJTabBarController.m in Sources */ = {isa = PBXBuildFile; fileRef = 2F5584451CDE7A43004E47EE /* ZJTabBarController.m */; };
		2F55844B1CDF1E03004E47EE /* ZJEssenceViewController.m in Sources */ = {isa = PBXBuildFile; fileRef = 2F55844A1CDF1E03004E47EE /* ZJEssenceViewController.m */; };
		2F55844E1CDF1E15004E47EE /* ZJNewViewController.m in Sources */ = {isa = PBXBuildFile; fileRef = 2F55844D1CDF1E15004E47EE /* ZJNewViewController.m */; };
		2F5584511CDF1E33004E47EE /* ZJFriendTrendsViewController.m in Sources */ = {isa = PBXBuildFile; fileRef = 2F5584501CDF1E33004E47EE /* ZJFriendTrendsViewController.m */; };
		2F5584541CDF1E43004E47EE /* ZJMeViewController.m in Sources */ = {isa = PBXBuildFile; fileRef = 2F5584531CDF1E43004E47EE /* ZJMeViewController.m */; };
		2F5584571CDF21DF004E47EE /* ZJTabBar.m in Sources */ = {isa = PBXBuildFile; fileRef = 2F5584561CDF21DF004E47EE /* ZJTabBar.m */; };
		2F5584631CDF43A1004E47EE /* UIView+ZJExtense.m in Sources */ = {isa = PBXBuildFile; fileRef = 2F5584601CDF43A1004E47EE /* UIView+ZJExtense.m */; };
		2F5584641CDF43A1004E47EE /* UIBarButtonItem+ZJExtension.m in Sources */ = {isa = PBXBuildFile; fileRef = 2F5584621CDF43A1004E47EE /* UIBarButtonItem+ZJExtension.m */; };
		2F58C19F1CDCEB9500B59ECD /* main.m in Sources */ = {isa = PBXBuildFile; fileRef = 2F58C19E1CDCEB9500B59ECD /* main.m */; };
		2F58C1A21CDCEB9500B59ECD /* AppDelegate.m in Sources */ = {isa = PBXBuildFile; fileRef = 2F58C1A11CDCEB9500B59ECD /* AppDelegate.m */; };
		2F58C1B81CDCEB9500B59ECD /* _____Tests.m in Sources */ = {isa = PBXBuildFile; fileRef = 2F58C1B71CDCEB9500B59ECD /* _____Tests.m */; };
		2F58C1C31CDCEB9500B59ECD /* _____UITests.m in Sources */ = {isa = PBXBuildFile; fileRef = 2F58C1C21CDCEB9500B59ECD /* _____UITests.m */; };
/* End PBXBuildFile section */

/* Begin PBXContainerItemProxy section */
		2F58C1B41CDCEB9500B59ECD /* PBXContainerItemProxy */ = {
			isa = PBXContainerItemProxy;
			containerPortal = 2F58C1921CDCEB9500B59ECD /* Project object */;
			proxyType = 1;
			remoteGlobalIDString = 2F58C1991CDCEB9500B59ECD;
			remoteInfo = "百思不得姐";
		};
		2F58C1BF1CDCEB9500B59ECD /* PBXContainerItemProxy */ = {
			isa = PBXContainerItemProxy;
			containerPortal = 2F58C1921CDCEB9500B59ECD /* Project object */;
			proxyType = 1;
			remoteGlobalIDString = 2F58C1991CDCEB9500B59ECD;
			remoteInfo = "百思不得姐";
		};
/* End PBXContainerItemProxy section */

/* Begin PBXFileReference section */
		2F5584421CDE74D8004E47EE /* Images.xcassets */ = {isa = PBXFileReference; lastKnownFileType = folder.assetcatalog; path = Images.xcassets; sourceTree = "<group>"; };
		2F5584441CDE7A43004E47EE /* ZJTabBarController.h */ = {isa = PBXFileReference; fileEncoding = 4; lastKnownFileType = sourcecode.c.h; path = ZJTabBarController.h; sourceTree = "<group>"; };
		2F5584451CDE7A43004E47EE /* ZJTabBarController.m */ = {isa = PBXFileReference; fileEncoding = 4; lastKnownFileType = sourcecode.c.objc; path = ZJTabBarController.m; sourceTree = "<group>"; };
		2F5584491CDF1E03004E47EE /* ZJEssenceViewController.h */ = {isa = PBXFileReference; fileEncoding = 4; lastKnownFileType = sourcecode.c.h; path = ZJEssenceViewController.h; sourceTree = "<group>"; };
		2F55844A1CDF1E03004E47EE /* ZJEssenceViewController.m */ = {isa = PBXFileReference; fileEncoding = 4; lastKnownFileType = sourcecode.c.objc; path = ZJEssenceViewController.m; sourceTree = "<group>"; };
		2F55844C1CDF1E15004E47EE /* ZJNewViewController.h */ = {isa = PBXFileReference; fileEncoding = 4; lastKnownFileType = sourcecode.c.h; path = ZJNewViewController.h; sourceTree = "<group>"; };
		2F55844D1CDF1E15004E47EE /* ZJNewViewController.m */ = {isa = PBXFileReference; fileEncoding = 4; lastKnownFileType = sourcecode.c.objc; path = ZJNewViewController.m; sourceTree = "<group>"; };
		2F55844F1CDF1E33004E47EE /* ZJFriendTrendsViewController.h */ = {isa = PBXFileReference; fileEncoding = 4; lastKnownFileType = sourcecode.c.h; path = ZJFriendTrendsViewController.h; sourceTree = "<group>"; };
		2F5584501CDF1E33004E47EE /* ZJFriendTrendsViewController.m */ = {isa = PBXFileReference; fileEncoding = 4; lastKnownFileType = sourcecode.c.objc; path = ZJFriendTrendsViewController.m; sourceTree = "<group>"; };
		2F5584521CDF1E43004E47EE /* ZJMeViewController.h */ = {isa = PBXFileReference; fileEncoding = 4; lastKnownFileType = sourcecode.c.h; path = ZJMeViewController.h; sourceTree = "<group>"; };
		2F5584531CDF1E43004E47EE /* ZJMeViewController.m */ = {isa = PBXFileReference; fileEncoding = 4; lastKnownFileType = sourcecode.c.objc; path = ZJMeViewController.m; sourceTree = "<group>"; };
		2F5584551CDF21DF004E47EE /* ZJTabBar.h */ = {isa = PBXFileReference; fileEncoding = 4; lastKnownFileType = sourcecode.c.h; path = ZJTabBar.h; sourceTree = "<group>"; };
		2F5584561CDF21DF004E47EE /* ZJTabBar.m */ = {isa = PBXFileReference; fileEncoding = 4; lastKnownFileType = sourcecode.c.objc; path = ZJTabBar.m; sourceTree = "<group>"; };
		2F55845B1CDF2A56004E47EE /* PrefixHeader.pch */ = {isa = PBXFileReference; lastKnownFileType = sourcecode.c.h; name = PrefixHeader.pch; path = ../PrefixHeader.pch; sourceTree = "<group>"; };
		2F55845F1CDF43A1004E47EE /* UIView+ZJExtense.h */ = {isa = PBXFileReference; fileEncoding = 4; lastKnownFileType = sourcecode.c.h; name = "UIView+ZJExtense.h"; path = "../UIView+ZJExtense.h"; sourceTree = "<group>"; };
		2F5584601CDF43A1004E47EE /* UIView+ZJExtense.m */ = {isa = PBXFileReference; fileEncoding = 4; lastKnownFileType = sourcecode.c.objc; name = "UIView+ZJExtense.m"; path = "../UIView+ZJExtense.m"; sourceTree = "<group>"; };
		2F5584611CDF43A1004E47EE /* UIBarButtonItem+ZJExtension.h */ = {isa = PBXFileReference; fileEncoding = 4; lastKnownFileType = sourcecode.c.h; name = "UIBarButtonItem+ZJExtension.h"; path = "../UIBarButtonItem+ZJExtension.h"; sourceTree = "<group>"; };
		2F5584621CDF43A1004E47EE /* UIBarButtonItem+ZJExtension.m */ = {isa = PBXFileReference; fileEncoding = 4; lastKnownFileType = sourcecode.c.objc; name = "UIBarButtonItem+ZJExtension.m"; path = "../UIBarButtonItem+ZJExtension.m"; sourceTree = "<group>"; };
		2F58C19A1CDCEB9500B59ECD /* 百思不得姐.app */ = {isa = PBXFileReference; explicitFileType = wrapper.application; includeInIndex = 0; path = "百思不得姐.app"; sourceTree = BUILT_PRODUCTS_DIR; };
		2F58C19E1CDCEB9500B59ECD /* main.m */ = {isa = PBXFileReference; lastKnownFileType = sourcecode.c.objc; path = main.m; sourceTree = "<group>"; };
		2F58C1A01CDCEB9500B59ECD /* AppDelegate.h */ = {isa = PBXFileReference; lastKnownFileType = sourcecode.c.h; path = AppDelegate.h; sourceTree = "<group>"; };
		2F58C1A11CDCEB9500B59ECD /* AppDelegate.m */ = {isa = PBXFileReference; lastKnownFileType = sourcecode.c.objc; path = AppDelegate.m; sourceTree = "<group>"; };
		2F58C1AE1CDCEB9500B59ECD /* Info.plist */ = {isa = PBXFileReference; lastKnownFileType = text.plist.xml; path = Info.plist; sourceTree = "<group>"; };
		2F58C1B31CDCEB9500B59ECD /* 百思不得姐Tests.xctest */ = {isa = PBXFileReference; explicitFileType = wrapper.cfbundle; includeInIndex = 0; path = "百思不得姐Tests.xctest"; sourceTree = BUILT_PRODUCTS_DIR; };
		2F58C1B71CDCEB9500B59ECD /* _____Tests.m */ = {isa = PBXFileReference; lastKnownFileType = sourcecode.c.objc; path = "_____Tests.m"; sourceTree = "<group>"; };
		2F58C1B91CDCEB9500B59ECD /* Info.plist */ = {isa = PBXFileReference; lastKnownFileType = text.plist.xml; path = Info.plist; sourceTree = "<group>"; };
		2F58C1BE1CDCEB9500B59ECD /* 百思不得姐UITests.xctest */ = {isa = PBXFileReference; explicitFileType = wrapper.cfbundle; includeInIndex = 0; path = "百思不得姐UITests.xctest"; sourceTree = BUILT_PRODUCTS_DIR; };
		2F58C1C21CDCEB9500B59ECD /* _____UITests.m */ = {isa = PBXFileReference; lastKnownFileType = sourcecode.c.objc; path = "_____UITests.m"; sourceTree = "<group>"; };
		2F58C1C41CDCEB9500B59ECD /* Info.plist */ = {isa = PBXFileReference; lastKnownFileType = text.plist.xml; path = Info.plist; sourceTree = "<group>"; };
/* End PBXFileReference section */

/* Begin PBXFrameworksBuildPhase section */
		2F58C1971CDCEB9500B59ECD /* Frameworks */ = {
			isa = PBXFrameworksBuildPhase;
			buildActionMask = 2147483647;
			files = (
			);
			runOnlyForDeploymentPostprocessing = 0;
		};
		2F58C1B01CDCEB9500B59ECD /* Frameworks */ = {
			isa = PBXFrameworksBuildPhase;
			buildActionMask = 2147483647;
			files = (
			);
			runOnlyForDeploymentPostprocessing = 0;
		};
		2F58C1BB1CDCEB9500B59ECD /* Frameworks */ = {
			isa = PBXFrameworksBuildPhase;
			buildActionMask = 2147483647;
			files = (
			);
			runOnlyForDeploymentPostprocessing = 0;
		};
/* End PBXFrameworksBuildPhase section */

/* Begin PBXGroup section */
		2F5584471CDF1DD3004E47EE /* VC */ = {
			isa = PBXGroup;
			children = (
				2F5584491CDF1E03004E47EE /* ZJEssenceViewController.h */,
				2F55844A1CDF1E03004E47EE /* ZJEssenceViewController.m */,
				2F55844C1CDF1E15004E47EE /* ZJNewViewController.h */,
				2F55844D1CDF1E15004E47EE /* ZJNewViewController.m */,
				2F55844F1CDF1E33004E47EE /* ZJFriendTrendsViewController.h */,
				2F5584501CDF1E33004E47EE /* ZJFriendTrendsViewController.m */,
				2F5584521CDF1E43004E47EE /* ZJMeViewController.h */,
				2F5584531CDF1E43004E47EE /* ZJMeViewController.m */,
				2F5584551CDF21DF004E47EE /* ZJTabBar.h */,
				2F5584561CDF21DF004E47EE /* ZJTabBar.m */,
			);
			name = VC;
			sourceTree = "<group>";
		};
		2F58C1911CDCEB9500B59ECD = {
			isa = PBXGroup;
			children = (
				2F5584471CDF1DD3004E47EE /* VC */,
				2F58C19C1CDCEB9500B59ECD /* 百思不得姐 */,
				2F58C1B61CDCEB9500B59ECD /* 百思不得姐Tests */,
				2F58C1C11CDCEB9500B59ECD /* 百思不得姐UITests */,
				2F58C19B1CDCEB9500B59ECD /* Products */,
			);
			sourceTree = "<group>";
		};
		2F58C19B1CDCEB9500B59ECD /* Products */ = {
			isa = PBXGroup;
			children = (
				2F58C19A1CDCEB9500B59ECD /* 百思不得姐.app */,
				2F58C1B31CDCEB9500B59ECD /* 百思不得姐Tests.xctest */,
				2F58C1BE1CDCEB9500B59ECD /* 百思不得姐UITests.xctest */,
			);
			name = Products;
			sourceTree = "<group>";
		};
		2F58C19C1CDCEB9500B59ECD /* 百思不得姐 */ = {
			isa = PBXGroup;
			children = (
				2F55845F1CDF43A1004E47EE /* UIView+ZJExtense.h */,
				2F5584601CDF43A1004E47EE /* UIView+ZJExtense.m */,
				2F5584611CDF43A1004E47EE /* UIBarButtonItem+ZJExtension.h */,
				2F5584621CDF43A1004E47EE /* UIBarButtonItem+ZJExtension.m */,
				2F5584441CDE7A43004E47EE /* ZJTabBarController.h */,
				2F5584451CDE7A43004E47EE /* ZJTabBarController.m */,
				2F58C1A01CDCEB9500B59ECD /* AppDelegate.h */,
				2F58C1A11CDCEB9500B59ECD /* AppDelegate.m */,
				2F58C19D1CDCEB9500B59ECD /* Supporting Files */,
			);
			path = "百思不得姐";
			sourceTree = "<group>";
		};
		2F58C19D1CDCEB9500B59ECD /* Supporting Files */ = {
			isa = PBXGroup;
			children = (
				2F55845B1CDF2A56004E47EE /* PrefixHeader.pch */,
				2F5584421CDE74D8004E47EE /* Images.xcassets */,
				2F58C19E1CDCEB9500B59ECD /* main.m */,
				2F58C1AE1CDCEB9500B59ECD /* Info.plist */,
			);
			name = "Supporting Files";
			sourceTree = "<group>";
		};
		2F58C1B61CDCEB9500B59ECD /* 百思不得姐Tests */ = {
			isa = PBXGroup;
			children = (
				2F58C1B71CDCEB9500B59ECD /* _____Tests.m */,
				2F58C1B91CDCEB9500B59ECD /* Info.plist */,
			);
			path = "百思不得姐Tests";
			sourceTree = "<group>";
		};
		2F58C1C11CDCEB9500B59ECD /* 百思不得姐UITests */ = {
			isa = PBXGroup;
			children = (
				2F58C1C21CDCEB9500B59ECD /* _____UITests.m */,
				2F58C1C41CDCEB9500B59ECD /* Info.plist */,
			);
			path = "百思不得姐UITests";
			sourceTree = "<group>";
		};
/* End PBXGroup section */

/* Begin PBXNativeTarget section */
		2F58C1991CDCEB9500B59ECD /* 百思不得姐 */ = {
			isa = PBXNativeTarget;
			buildConfigurationList = 2F58C1C71CDCEB9500B59ECD /* Build configuration list for PBXNativeTarget "百思不得姐" */;
			buildPhases = (
				2F58C1961CDCEB9500B59ECD /* Sources */,
				2F58C1971CDCEB9500B59ECD /* Frameworks */,
				2F58C1981CDCEB9500B59ECD /* Resources */,
			);
			buildRules = (
			);
			dependencies = (
			);
			name = "百思不得姐";
			productName = "百思不得姐";
			productReference = 2F58C19A1CDCEB9500B59ECD /* 百思不得姐.app */;
			productType = "com.apple.product-type.application";
		};
		2F58C1B21CDCEB9500B59ECD /* 百思不得姐Tests */ = {
			isa = PBXNativeTarget;
			buildConfigurationList = 2F58C1CA1CDCEB9500B59ECD /* Build configuration list for PBXNativeTarget "百思不得姐Tests" */;
			buildPhases = (
				2F58C1AF1CDCEB9500B59ECD /* Sources */,
				2F58C1B01CDCEB9500B59ECD /* Frameworks */,
				2F58C1B11CDCEB9500B59ECD /* Resources */,
			);
			buildRules = (
			);
			dependencies = (
				2F58C1B51CDCEB9500B59ECD /* PBXTargetDependency */,
			);
			name = "百思不得姐Tests";
			productName = "百思不得姐Tests";
			productReference = 2F58C1B31CDCEB9500B59ECD /* 百思不得姐Tests.xctest */;
			productType = "com.apple.product-type.bundle.unit-test";
		};
		2F58C1BD1CDCEB9500B59ECD /* 百思不得姐UITests */ = {
			isa = PBXNativeTarget;
			buildConfigurationList = 2F58C1CD1CDCEB9500B59ECD /* Build configuration list for PBXNativeTarget "百思不得姐UITests" */;
			buildPhases = (
				2F58C1BA1CDCEB9500B59ECD /* Sources */,
				2F58C1BB1CDCEB9500B59ECD /* Frameworks */,
				2F58C1BC1CDCEB9500B59ECD /* Resources */,
			);
			buildRules = (
			);
			dependencies = (
				2F58C1C01CDCEB9500B59ECD /* PBXTargetDependency */,
			);
			name = "百思不得姐UITests";
			productName = "百思不得姐UITests";
			productReference = 2F58C1BE1CDCEB9500B59ECD /* 百思不得姐UITests.xctest */;
			productType = "com.apple.product-type.bundle.ui-testing";
		};
/* End PBXNativeTarget section */

/* Begin PBXProject section */
		2F58C1921CDCEB9500B59ECD /* Project object */ = {
			isa = PBXProject;
			attributes = {
				CLASSPREFIX = ZJ;
				LastUpgradeCheck = 0710;
				ORGANIZATIONNAME = zhangjie;
				TargetAttributes = {
					2F58C1991CDCEB9500B59ECD = {
						CreatedOnToolsVersion = 7.1.1;
						DevelopmentTeam = Z822K6T9AA;
					};
					2F58C1B21CDCEB9500B59ECD = {
						CreatedOnToolsVersion = 7.1.1;
						DevelopmentTeam = Z822K6T9AA;
						TestTargetID = 2F58C1991CDCEB9500B59ECD;
					};
					2F58C1BD1CDCEB9500B59ECD = {
						CreatedOnToolsVersion = 7.1.1;
						DevelopmentTeam = Z822K6T9AA;
						TestTargetID = 2F58C1991CDCEB9500B59ECD;
					};
				};
			};
			buildConfigurationList = 2F58C1951CDCEB9500B59ECD /* Build configuration list for PBXProject "百思不得姐" */;
			compatibilityVersion = "Xcode 3.2";
			developmentRegion = English;
			hasScannedForEncodings = 0;
			knownRegions = (
				en,
				Base,
			);
			mainGroup = 2F58C1911CDCEB9500B59ECD;
			productRefGroup = 2F58C19B1CDCEB9500B59ECD /* Products */;
			projectDirPath = "";
			projectRoot = "";
			targets = (
				2F58C1991CDCEB9500B59ECD /* 百思不得姐 */,
				2F58C1B21CDCEB9500B59ECD /* 百思不得姐Tests */,
				2F58C1BD1CDCEB9500B59ECD /* 百思不得姐UITests */,
			);
		};
/* End PBXProject section */

/* Begin PBXResourcesBuildPhase section */
		2F58C1981CDCEB9500B59ECD /* Resources */ = {
			isa = PBXResourcesBuildPhase;
			buildActionMask = 2147483647;
			files = (
				2F5584431CDE74D8004E47EE /* Images.xcassets in Resources */,
			);
			runOnlyForDeploymentPostprocessing = 0;
		};
		2F58C1B11CDCEB9500B59ECD /* Resources */ = {
			isa = PBXResourcesBuildPhase;
			buildActionMask = 2147483647;
			files = (
			);
			runOnlyForDeploymentPostprocessing = 0;
		};
		2F58C1BC1CDCEB9500B59ECD /* Resources */ = {
			isa = PBXResourcesBuildPhase;
			buildActionMask = 2147483647;
			files = (
			);
			runOnlyForDeploymentPostprocessing = 0;
		};
/* End PBXResourcesBuildPhase section */

/* Begin PBXSourcesBuildPhase section */
		2F58C1961CDCEB9500B59ECD /* Sources */ = {
			isa = PBXSourcesBuildPhase;
			buildActionMask = 2147483647;
			files = (
				2F5584461CDE7A43004E47EE /* ZJTabBarController.m in Sources */,
				2F5584631CDF43A1004E47EE /* UIView+ZJExtense.m in Sources */,
				2F5584641CDF43A1004E47EE /* UIBarButtonItem+ZJExtension.m in Sources */,
				2F5584541CDF1E43004E47EE /* ZJMeViewController.m in Sources */,
				2F55844B1CDF1E03004E47EE /* ZJEssenceViewController.m in Sources */,
				2F55844E1CDF1E15004E47EE /* ZJNewViewController.m in Sources */,
				2F58C1A21CDCEB9500B59ECD /* AppDelegate.m in Sources */,
				2F5584571CDF21DF004E47EE /* ZJTabBar.m in Sources */,
				2F5584511CDF1E33004E47EE /* ZJFriendTrendsViewController.m in Sources */,
				2F58C19F1CDCEB9500B59ECD /* main.m in Sources */,
			);
			runOnlyForDeploymentPostprocessing = 0;
		};
		2F58C1AF1CDCEB9500B59ECD /* Sources */ = {
			isa = PBXSourcesBuildPhase;
			buildActionMask = 2147483647;
			files = (
				2F58C1B81CDCEB9500B59ECD /* _____Tests.m in Sources */,
			);
			runOnlyForDeploymentPostprocessing = 0;
		};
		2F58C1BA1CDCEB9500B59ECD /* Sources */ = {
			isa = PBXSourcesBuildPhase;
			buildActionMask = 2147483647;
			files = (
				2F58C1C31CDCEB9500B59ECD /* _____UITests.m in Sources */,
			);
			runOnlyForDeploymentPostprocessing = 0;
		};
/* End PBXSourcesBuildPhase section */

/* Begin PBXTargetDependency section */
		2F58C1B51CDCEB9500B59ECD /* PBXTargetDependency */ = {
			isa = PBXTargetDependency;
			target = 2F58C1991CDCEB9500B59ECD /* 百思不得姐 */;
			targetProxy = 2F58C1B41CDCEB9500B59ECD /* PBXContainerItemProxy */;
		};
		2F58C1C01CDCEB9500B59ECD /* PBXTargetDependency */ = {
			isa = PBXTargetDependency;
			target = 2F58C1991CDCEB9500B59ECD /* 百思不得姐 */;
			targetProxy = 2F58C1BF1CDCEB9500B59ECD /* PBXContainerItemProxy */;
		};
/* End PBXTargetDependency section */

/* Begin XCBuildConfiguration section */
		2F58C1C51CDCEB9500B59ECD /* Debug */ = {
			isa = XCBuildConfiguration;
			buildSettings = {
				ALWAYS_SEARCH_USER_PATHS = NO;
				CLANG_CXX_LANGUAGE_STANDARD = "gnu++0x";
				CLANG_CXX_LIBRARY = "libc++";
				CLANG_ENABLE_MODULES = YES;
				CLANG_ENABLE_OBJC_ARC = YES;
				CLANG_WARN_BOOL_CONVERSION = YES;
				CLANG_WARN_CONSTANT_CONVERSION = YES;
				CLANG_WARN_DIRECT_OBJC_ISA_USAGE = YES_ERROR;
				CLANG_WARN_EMPTY_BODY = YES;
				CLANG_WARN_ENUM_CONVERSION = YES;
				CLANG_WARN_INT_CONVERSION = YES;
				CLANG_WARN_OBJC_ROOT_CLASS = YES_ERROR;
				CLANG_WARN_UNREACHABLE_CODE = YES;
				CLANG_WARN__DUPLICATE_METHOD_MATCH = YES;
				"CODE_SIGN_IDENTITY[sdk=iphoneos*]" = "iPhone Developer";
				COPY_PHASE_STRIP = NO;
				DEBUG_INFORMATION_FORMAT = dwarf;
				ENABLE_STRICT_OBJC_MSGSEND = YES;
				ENABLE_TESTABILITY = YES;
				GCC_C_LANGUAGE_STANDARD = gnu99;
				GCC_DYNAMIC_NO_PIC = NO;
				GCC_NO_COMMON_BLOCKS = YES;
				GCC_OPTIMIZATION_LEVEL = 0;
				GCC_PREPROCESSOR_DEFINITIONS = (
					"DEBUG=1",
					"$(inherited)",
				);
				GCC_WARN_64_TO_32_BIT_CONVERSION = YES;
				GCC_WARN_ABOUT_RETURN_TYPE = YES_ERROR;
				GCC_WARN_UNDECLARED_SELECTOR = YES;
				GCC_WARN_UNINITIALIZED_AUTOS = YES_AGGRESSIVE;
				GCC_WARN_UNUSED_FUNCTION = YES;
				GCC_WARN_UNUSED_VARIABLE = YES;
				IPHONEOS_DEPLOYMENT_TARGET = 9.1;
				MTL_ENABLE_DEBUG_INFO = YES;
				ONLY_ACTIVE_ARCH = YES;
				SDKROOT = iphoneos;
			};
			name = Debug;
		};
		2F58C1C61CDCEB9500B59ECD /* Release */ = {
			isa = XCBuildConfiguration;
			buildSettings = {
				ALWAYS_SEARCH_USER_PATHS = NO;
				CLANG_CXX_LANGUAGE_STANDARD = "gnu++0x";
				CLANG_CXX_LIBRARY = "libc++";
				CLANG_ENABLE_MODULES = YES;
				CLANG_ENABLE_OBJC_ARC = YES;
				CLANG_WARN_BOOL_CONVERSION = YES;
				CLANG_WARN_CONSTANT_CONVERSION = YES;
				CLANG_WARN_DIRECT_OBJC_ISA_USAGE = YES_ERROR;
				CLANG_WARN_EMPTY_BODY = YES;
				CLANG_WARN_ENUM_CONVERSION = YES;
				CLANG_WARN_INT_CONVERSION = YES;
				CLANG_WARN_OBJC_ROOT_CLASS = YES_ERROR;
				CLANG_WARN_UNREACHABLE_CODE = YES;
				CLANG_WARN__DUPLICATE_METHOD_MATCH = YES;
				"CODE_SIGN_IDENTITY[sdk=iphoneos*]" = "iPhone Developer";
				COPY_PHASE_STRIP = NO;
				DEBUG_INFORMATION_FORMAT = "dwarf-with-dsym";
				ENABLE_NS_ASSERTIONS = NO;
				ENABLE_STRICT_OBJC_MSGSEND = YES;
				GCC_C_LANGUAGE_STANDARD = gnu99;
				GCC_NO_COMMON_BLOCKS = YES;
				GCC_WARN_64_TO_32_BIT_CONVERSION = YES;
				GCC_WARN_ABOUT_RETURN_TYPE = YES_ERROR;
				GCC_WARN_UNDECLARED_SELECTOR = YES;
				GCC_WARN_UNINITIALIZED_AUTOS = YES_AGGRESSIVE;
				GCC_WARN_UNUSED_FUNCTION = YES;
				GCC_WARN_UNUSED_VARIABLE = YES;
				IPHONEOS_DEPLOYMENT_TARGET = 9.1;
				MTL_ENABLE_DEBUG_INFO = NO;
				SDKROOT = iphoneos;
				VALIDATE_PRODUCT = YES;
			};
			name = Release;
		};
		2F58C1C81CDCEB9500B59ECD /* Debug */ = {
			isa = XCBuildConfiguration;
			buildSettings = {
				ASSETCATALOG_COMPILER_APPICON_NAME = AppIcon;
				ASSETCATALOG_COMPILER_LAUNCHIMAGE_NAME = LaunchImage;
				GCC_PREFIX_HEADER = "/Users/zhangjie/GitHub/baisibudejie/百思不得姐/PrefixHeader.pch";
				INFOPLIST_FILE = "百思不得姐/Info.plist";
				LD_RUNPATH_SEARCH_PATHS = "$(inherited) @executable_path/Frameworks";
				PRODUCT_BUNDLE_IDENTIFIER = "SuperShit.-----";
				PRODUCT_NAME = "$(TARGET_NAME)";
			};
			name = Debug;
		};
		2F58C1C91CDCEB9500B59ECD /* Release */ = {
			isa = XCBuildConfiguration;
			buildSettings = {
				ASSETCATALOG_COMPILER_APPICON_NAME = AppIcon;
				ASSETCATALOG_COMPILER_LAUNCHIMAGE_NAME = LaunchImage;
				GCC_PREFIX_HEADER = "/Users/zhangjie/GitHub/baisibudejie/百思不得姐/PrefixHeader.pch";
				INFOPLIST_FILE = "百思不得姐/Info.plist";
				LD_RUNPATH_SEARCH_PATHS = "$(inherited) @executable_path/Frameworks";
				PRODUCT_BUNDLE_IDENTIFIER = "SuperShit.-----";
				PRODUCT_NAME = "$(TARGET_NAME)";
			};
			name = Release;
		};
		2F58C1CB1CDCEB9500B59ECD /* Debug */ = {
			isa = XCBuildConfiguration;
			buildSettings = {
				BUNDLE_LOADER = "$(TEST_HOST)";
				INFOPLIST_FILE = "百思不得姐Tests/Info.plist";
				LD_RUNPATH_SEARCH_PATHS = "$(inherited) @executable_path/Frameworks @loader_path/Frameworks";
				PRODUCT_BUNDLE_IDENTIFIER = "SuperShit.-----Tests";
				PRODUCT_NAME = "$(TARGET_NAME)";
				TEST_HOST = "$(BUILT_PRODUCTS_DIR)/百思不得姐.app/百思不得姐";
			};
			name = Debug;
		};
		2F58C1CC1CDCEB9500B59ECD /* Release */ = {
			isa = XCBuildConfiguration;
			buildSettings = {
				BUNDLE_LOADER = "$(TEST_HOST)";
				INFOPLIST_FILE = "百思不得姐Tests/Info.plist";
				LD_RUNPATH_SEARCH_PATHS = "$(inherited) @executable_path/Frameworks @loader_path/Frameworks";
				PRODUCT_BUNDLE_IDENTIFIER = "SuperShit.-----Tests";
				PRODUCT_NAME = "$(TARGET_NAME)";
				TEST_HOST = "$(BUILT_PRODUCTS_DIR)/百思不得姐.app/百思不得姐";
			};
			name = Release;
		};
		2F58C1CE1CDCEB9500B59ECD /* Debug */ = {
			isa = XCBuildConfiguration;
			buildSettings = {
				INFOPLIST_FILE = "百思不得姐UITests/Info.plist";
				LD_RUNPATH_SEARCH_PATHS = "$(inherited) @executable_path/Frameworks @loader_path/Frameworks";
				PRODUCT_BUNDLE_IDENTIFIER = "SuperShit.-----UITests";
				PRODUCT_NAME = "$(TARGET_NAME)";
				TEST_TARGET_NAME = "百思不得姐";
				USES_XCTRUNNER = YES;
			};
			name = Debug;
		};
		2F58C1CF1CDCEB9500B59ECD /* Release */ = {
			isa = XCBuildConfiguration;
			buildSettings = {
				INFOPLIST_FILE = "百思不得姐UITests/Info.plist";
				LD_RUNPATH_SEARCH_PATHS = "$(inherited) @executable_path/Frameworks @loader_path/Frameworks";
				PRODUCT_BUNDLE_IDENTIFIER = "SuperShit.-----UITests";
				PRODUCT_NAME = "$(TARGET_NAME)";
				TEST_TARGET_NAME = "百思不得姐";
				USES_XCTRUNNER = YES;
			};
			name = Release;
		};
/* End XCBuildConfiguration section */

/* Begin XCConfigurationList section */
		2F58C1951CDCEB9500B59ECD /* Build configuration list for PBXProject "百思不得姐" */ = {
			isa = XCConfigurationList;
			buildConfigurations = (
				2F58C1C51CDCEB9500B59ECD /* Debug */,
				2F58C1C61CDCEB9500B59ECD /* Release */,
			);
			defaultConfigurationIsVisible = 0;
			defaultConfigurationName = Release;
		};
		2F58C1C71CDCEB9500B59ECD /* Build configuration list for PBXNativeTarget "百思不得姐" */ = {
			isa = XCConfigurationList;
			buildConfigurations = (
				2F58C1C81CDCEB9500B59ECD /* Debug */,
				2F58C1C91CDCEB9500B59ECD /* Release */,
			);
			defaultConfigurationIsVisible = 0;
			defaultConfigurationName = Release;
		};
		2F58C1CA1CDCEB9500B59ECD /* Build configuration list for PBXNativeTarget "百思不得姐Tests" */ = {
			isa = XCConfigurationList;
			buildConfigurations = (
				2F58C1CB1CDCEB9500B59ECD /* Debug */,
				2F58C1CC1CDCEB9500B59ECD /* Release */,
			);
			defaultConfigurationIsVisible = 0;
			defaultConfigurationName = Release;
		};
		2F58C1CD1CDCEB9500B59ECD /* Build configuration list for PBXNativeTarget "百思不得姐UITests" */ = {
			isa = XCConfigurationList;
			buildConfigurations = (
				2F58C1CE1CDCEB9500B59ECD /* Debug */,
				2F58C1CF1CDCEB9500B59ECD /* Release */,
			);
			defaultConfigurationIsVisible = 0;
			defaultConfigurationName = Release;
		};
/* End XCConfigurationList section */
	};
	rootObject = 2F58C1921CDCEB9500B59ECD /* Project object */;
}
