// !$*UTF8*$!
{
	archiveVersion = 1;
	classes = {
	};
	objectVersion = 46;
	objects = {

/* Begin PBXBuildFile section */
		1A85C0B5DD675F13719DD645 /* libPods.a in Frameworks */ = {isa = PBXBuildFile; fileRef = 9855FF11AD7D05171336403D /* libPods.a */; };
		2F0592B71CE0684900336E29 /* ZJNavigationController.m in Sources */ = {isa = PBXBuildFile; fileRef = 2F0592B61CE0684900336E29 /* ZJNavigationController.m */; };
		2F3B0EE91CE499B30037121B /* ZJAllViewController.m in Sources */ = {isa = PBXBuildFile; fileRef = 2F3B0EE81CE499B30037121B /* ZJAllViewController.m */; };
		2F3B0EEC1CE499C50037121B /* ZJVideoTableViewController.m in Sources */ = {isa = PBXBuildFile; fileRef = 2F3B0EEB1CE499C50037121B /* ZJVideoTableViewController.m */; };
		2F3B0EEF1CE499D10037121B /* ZJVoiceTableViewController.m in Sources */ = {isa = PBXBuildFile; fileRef = 2F3B0EEE1CE499D10037121B /* ZJVoiceTableViewController.m */; };
		2F3B0EF21CE499E50037121B /* ZJPictureViewController.m in Sources */ = {isa = PBXBuildFile; fileRef = 2F3B0EF11CE499E50037121B /* ZJPictureViewController.m */; };
		2F3B0EF51CE499F20037121B /* ZJWordsViewController.m in Sources */ = {isa = PBXBuildFile; fileRef = 2F3B0EF41CE499F20037121B /* ZJWordsViewController.m */; };
		2F40C7F11CE5B12100A0EEE3 /* ZJTopic.m in Sources */ = {isa = PBXBuildFile; fileRef = 2F40C7F01CE5B12100A0EEE3 /* ZJTopic.m */; };
		2F46C4261CE16CB90027FB35 /* ZJFriendTrendsViewController.xib in Resources */ = {isa = PBXBuildFile; fileRef = 2F46C4251CE16CB90027FB35 /* ZJFriendTrendsViewController.xib */; };
		2F5584431CDE74D8004E47EE /* Images.xcassets in Resources */ = {isa = PBXBuildFile; fileRef = 2F5584421CDE74D8004E47EE /* Images.xcassets */; };
		2F55848E1CDF4AA8004E47EE /* ZJEssenceViewController.m in Sources */ = {isa = PBXBuildFile; fileRef = 2F5584691CDF4AA8004E47EE /* ZJEssenceViewController.m */; };
		2F55848F1CDF4AA8004E47EE /* ZJFriendTrendsViewController.m in Sources */ = {isa = PBXBuildFile; fileRef = 2F55846F1CDF4AA8004E47EE /* ZJFriendTrendsViewController.m */; };
		2F5584901CDF4AA8004E47EE /* ZJMeViewController.m in Sources */ = {isa = PBXBuildFile; fileRef = 2F5584751CDF4AA8004E47EE /* ZJMeViewController.m */; };
		2F5584911CDF4AA8004E47EE /* ZJNewViewController.m in Sources */ = {isa = PBXBuildFile; fileRef = 2F55847B1CDF4AA8004E47EE /* ZJNewViewController.m */; };
		2F5584921CDF4AA8004E47EE /* AppDelegate.m in Sources */ = {isa = PBXBuildFile; fileRef = 2F5584801CDF4AA8004E47EE /* AppDelegate.m */; };
		2F5584931CDF4AA8004E47EE /* UIBarButtonItem+ZJExtension.m in Sources */ = {isa = PBXBuildFile; fileRef = 2F5584831CDF4AA8004E47EE /* UIBarButtonItem+ZJExtension.m */; };
		2F5584941CDF4AA8004E47EE /* UIView+ZJExtense.m in Sources */ = {isa = PBXBuildFile; fileRef = 2F5584851CDF4AA8004E47EE /* UIView+ZJExtense.m */; };
		2F5584951CDF4AA8004E47EE /* ZJTabBarController.m in Sources */ = {isa = PBXBuildFile; fileRef = 2F5584881CDF4AA8004E47EE /* ZJTabBarController.m */; };
		2F5584961CDF4AA8004E47EE /* main.m in Sources */ = {isa = PBXBuildFile; fileRef = 2F5584891CDF4AA8004E47EE /* main.m */; };
		2F5584971CDF4AA8004E47EE /* ZJTabBar.m in Sources */ = {isa = PBXBuildFile; fileRef = 2F55848D1CDF4AA8004E47EE /* ZJTabBar.m */; };
		2F58C1B81CDCEB9500B59ECD /* _____Tests.m in Sources */ = {isa = PBXBuildFile; fileRef = 2F58C1B71CDCEB9500B59ECD /* _____Tests.m */; };
		2F58C1C31CDCEB9500B59ECD /* _____UITests.m in Sources */ = {isa = PBXBuildFile; fileRef = 2F58C1C21CDCEB9500B59ECD /* _____UITests.m */; };
		2F5F74721CE184F000E70295 /* ZJRecommandCategory.m in Sources */ = {isa = PBXBuildFile; fileRef = 2F5F74711CE184F000E70295 /* ZJRecommandCategory.m */; };
		2F5F74791CE1876600E70295 /* ZJRecommandTableViewCell.m in Sources */ = {isa = PBXBuildFile; fileRef = 2F5F74771CE1876600E70295 /* ZJRecommandTableViewCell.m */; };
		2F5F747A1CE1876600E70295 /* ZJRecommandTableViewCell.xib in Resources */ = {isa = PBXBuildFile; fileRef = 2F5F74781CE1876600E70295 /* ZJRecommandTableViewCell.xib */; };
		2F8213781CE6220200DC7204 /* ZJTopicCell.m in Sources */ = {isa = PBXBuildFile; fileRef = 2F8213761CE6220200DC7204 /* ZJTopicCell.m */; };
		2F8213791CE6220200DC7204 /* ZJTopicCell.xib in Resources */ = {isa = PBXBuildFile; fileRef = 2F8213771CE6220200DC7204 /* ZJTopicCell.xib */; };
		2FC7E3DD1CE1D9470015EB49 /* ZJRecommandUserTableViewCell.m in Sources */ = {isa = PBXBuildFile; fileRef = 2FC7E3DB1CE1D9470015EB49 /* ZJRecommandUserTableViewCell.m */; };
		2FC7E3DE1CE1D9470015EB49 /* ZJRecommandUserTableViewCell.xib in Resources */ = {isa = PBXBuildFile; fileRef = 2FC7E3DC1CE1D9470015EB49 /* ZJRecommandUserTableViewCell.xib */; };
		2FC7E3E11CE1DD5D0015EB49 /* ZJRecommandUser.m in Sources */ = {isa = PBXBuildFile; fileRef = 2FC7E3E01CE1DD5D0015EB49 /* ZJRecommandUser.m */; };
		2FDF53011CE316EB0091EF78 /* ZJRecommandTagsTableViewController.m in Sources */ = {isa = PBXBuildFile; fileRef = 2FDF53001CE316EB0091EF78 /* ZJRecommandTagsTableViewController.m */; };
		2FDF53041CE319B90091EF78 /* ZJRecommandTag.m in Sources */ = {isa = PBXBuildFile; fileRef = 2FDF53031CE319B90091EF78 /* ZJRecommandTag.m */; };
		2FDF530B1CE31B820091EF78 /* ZJRecommandTagTableViewCell.m in Sources */ = {isa = PBXBuildFile; fileRef = 2FDF53091CE31B820091EF78 /* ZJRecommandTagTableViewCell.m */; };
		2FDF530C1CE31B820091EF78 /* ZJRecommandTagTableViewCell.xib in Resources */ = {isa = PBXBuildFile; fileRef = 2FDF530A1CE31B820091EF78 /* ZJRecommandTagTableViewCell.xib */; };
		2FF8718C1CE17739002CEA2F /* ZJRecommandViewController.m in Sources */ = {isa = PBXBuildFile; fileRef = 2FF8718A1CE17739002CEA2F /* ZJRecommandViewController.m */; };
		2FF8718D1CE17739002CEA2F /* ZJRecommandViewController.xib in Resources */ = {isa = PBXBuildFile; fileRef = 2FF8718B1CE17739002CEA2F /* ZJRecommandViewController.xib */; };
/* End PBXBuildFile section */

/* Begin PBXContainerItemProxy section */
		2F58C1B41CDCEB9500B59ECD /* PBXContainerItemProxy */ = {
			isa = PBXContainerItemProxy;
			containerPortal = 2F58C1921CDCEB9500B59ECD /* Project object */;
			proxyType = 1;
			remoteGlobalIDString = 2F58C1991CDCEB9500B59ECD;
			remoteInfo = "百思不得姐";
		};
		2F58C1BF1CDCEB9500B59ECD /* PBXContainerItemProxy */ = {
			isa = PBXContainerItemProxy;
			containerPortal = 2F58C1921CDCEB9500B59ECD /* Project object */;
			proxyType = 1;
			remoteGlobalIDString = 2F58C1991CDCEB9500B59ECD;
			remoteInfo = "百思不得姐";
		};
/* End PBXContainerItemProxy section */

/* Begin PBXFileReference section */
		2F0592B51CE0684900336E29 /* ZJNavigationController.h */ = {isa = PBXFileReference; fileEncoding = 4; lastKnownFileType = sourcecode.c.h; path = ZJNavigationController.h; sourceTree = "<group>"; };
		2F0592B61CE0684900336E29 /* ZJNavigationController.m */ = {isa = PBXFileReference; fileEncoding = 4; lastKnownFileType = sourcecode.c.objc; path = ZJNavigationController.m; sourceTree = "<group>"; };
		2F3B0EE71CE499B30037121B /* ZJAllViewController.h */ = {isa = PBXFileReference; fileEncoding = 4; lastKnownFileType = sourcecode.c.h; path = ZJAllViewController.h; sourceTree = "<group>"; };
		2F3B0EE81CE499B30037121B /* ZJAllViewController.m */ = {isa = PBXFileReference; fileEncoding = 4; lastKnownFileType = sourcecode.c.objc; path = ZJAllViewController.m; sourceTree = "<group>"; };
		2F3B0EEA1CE499C50037121B /* ZJVideoTableViewController.h */ = {isa = PBXFileReference; fileEncoding = 4; lastKnownFileType = sourcecode.c.h; path = ZJVideoTableViewController.h; sourceTree = "<group>"; };
		2F3B0EEB1CE499C50037121B /* ZJVideoTableViewController.m */ = {isa = PBXFileReference; fileEncoding = 4; lastKnownFileType = sourcecode.c.objc; path = ZJVideoTableViewController.m; sourceTree = "<group>"; };
		2F3B0EED1CE499D10037121B /* ZJVoiceTableViewController.h */ = {isa = PBXFileReference; fileEncoding = 4; lastKnownFileType = sourcecode.c.h; path = ZJVoiceTableViewController.h; sourceTree = "<group>"; };
		2F3B0EEE1CE499D10037121B /* ZJVoiceTableViewController.m */ = {isa = PBXFileReference; fileEncoding = 4; lastKnownFileType = sourcecode.c.objc; path = ZJVoiceTableViewController.m; sourceTree = "<group>"; };
		2F3B0EF01CE499E50037121B /* ZJPictureViewController.h */ = {isa = PBXFileReference; fileEncoding = 4; lastKnownFileType = sourcecode.c.h; path = ZJPictureViewController.h; sourceTree = "<group>"; };
		2F3B0EF11CE499E50037121B /* ZJPictureViewController.m */ = {isa = PBXFileReference; fileEncoding = 4; lastKnownFileType = sourcecode.c.objc; path = ZJPictureViewController.m; sourceTree = "<group>"; };
		2F3B0EF31CE499F20037121B /* ZJWordsViewController.h */ = {isa = PBXFileReference; fileEncoding = 4; lastKnownFileType = sourcecode.c.h; path = ZJWordsViewController.h; sourceTree = "<group>"; };
		2F3B0EF41CE499F20037121B /* ZJWordsViewController.m */ = {isa = PBXFileReference; fileEncoding = 4; lastKnownFileType = sourcecode.c.objc; path = ZJWordsViewController.m; sourceTree = "<group>"; };
		2F40C7EF1CE5B12100A0EEE3 /* ZJTopic.h */ = {isa = PBXFileReference; fileEncoding = 4; lastKnownFileType = sourcecode.c.h; path = ZJTopic.h; sourceTree = "<group>"; };
		2F40C7F01CE5B12100A0EEE3 /* ZJTopic.m */ = {isa = PBXFileReference; fileEncoding = 4; lastKnownFileType = sourcecode.c.objc; path = ZJTopic.m; sourceTree = "<group>"; };
		2F46C4251CE16CB90027FB35 /* ZJFriendTrendsViewController.xib */ = {isa = PBXFileReference; fileEncoding = 4; lastKnownFileType = file.xib; path = ZJFriendTrendsViewController.xib; sourceTree = "<group>"; };
		2F5584421CDE74D8004E47EE /* Images.xcassets */ = {isa = PBXFileReference; lastKnownFileType = folder.assetcatalog; path = Images.xcassets; sourceTree = "<group>"; };
		2F5584681CDF4AA8004E47EE /* ZJEssenceViewController.h */ = {isa = PBXFileReference; fileEncoding = 4; lastKnownFileType = sourcecode.c.h; path = ZJEssenceViewController.h; sourceTree = "<group>"; };
		2F5584691CDF4AA8004E47EE /* ZJEssenceViewController.m */ = {isa = PBXFileReference; fileEncoding = 4; lastKnownFileType = sourcecode.c.objc; path = ZJEssenceViewController.m; sourceTree = "<group>"; };
		2F55846E1CDF4AA8004E47EE /* ZJFriendTrendsViewController.h */ = {isa = PBXFileReference; fileEncoding = 4; lastKnownFileType = sourcecode.c.h; path = ZJFriendTrendsViewController.h; sourceTree = "<group>"; };
		2F55846F1CDF4AA8004E47EE /* ZJFriendTrendsViewController.m */ = {isa = PBXFileReference; fileEncoding = 4; lastKnownFileType = sourcecode.c.objc; path = ZJFriendTrendsViewController.m; sourceTree = "<group>"; };
		2F5584741CDF4AA8004E47EE /* ZJMeViewController.h */ = {isa = PBXFileReference; fileEncoding = 4; lastKnownFileType = sourcecode.c.h; path = ZJMeViewController.h; sourceTree = "<group>"; };
		2F5584751CDF4AA8004E47EE /* ZJMeViewController.m */ = {isa = PBXFileReference; fileEncoding = 4; lastKnownFileType = sourcecode.c.objc; path = ZJMeViewController.m; sourceTree = "<group>"; };
		2F55847A1CDF4AA8004E47EE /* ZJNewViewController.h */ = {isa = PBXFileReference; fileEncoding = 4; lastKnownFileType = sourcecode.c.h; path = ZJNewViewController.h; sourceTree = "<group>"; };
		2F55847B1CDF4AA8004E47EE /* ZJNewViewController.m */ = {isa = PBXFileReference; fileEncoding = 4; lastKnownFileType = sourcecode.c.objc; path = ZJNewViewController.m; sourceTree = "<group>"; };
		2F55847F1CDF4AA8004E47EE /* AppDelegate.h */ = {isa = PBXFileReference; fileEncoding = 4; lastKnownFileType = sourcecode.c.h; path = AppDelegate.h; sourceTree = "<group>"; };
		2F5584801CDF4AA8004E47EE /* AppDelegate.m */ = {isa = PBXFileReference; fileEncoding = 4; lastKnownFileType = sourcecode.c.objc; path = AppDelegate.m; sourceTree = "<group>"; };
		2F5584821CDF4AA8004E47EE /* UIBarButtonItem+ZJExtension.h */ = {isa = PBXFileReference; fileEncoding = 4; lastKnownFileType = sourcecode.c.h; path = "UIBarButtonItem+ZJExtension.h"; sourceTree = "<group>"; };
		2F5584831CDF4AA8004E47EE /* UIBarButtonItem+ZJExtension.m */ = {isa = PBXFileReference; fileEncoding = 4; lastKnownFileType = sourcecode.c.objc; path = "UIBarButtonItem+ZJExtension.m"; sourceTree = "<group>"; };
		2F5584841CDF4AA8004E47EE /* UIView+ZJExtense.h */ = {isa = PBXFileReference; fileEncoding = 4; lastKnownFileType = sourcecode.c.h; path = "UIView+ZJExtense.h"; sourceTree = "<group>"; };
		2F5584851CDF4AA8004E47EE /* UIView+ZJExtense.m */ = {isa = PBXFileReference; fileEncoding = 4; lastKnownFileType = sourcecode.c.objc; path = "UIView+ZJExtense.m"; sourceTree = "<group>"; };
		2F5584871CDF4AA8004E47EE /* ZJTabBarController.h */ = {isa = PBXFileReference; fileEncoding = 4; lastKnownFileType = sourcecode.c.h; path = ZJTabBarController.h; sourceTree = "<group>"; };
		2F5584881CDF4AA8004E47EE /* ZJTabBarController.m */ = {isa = PBXFileReference; fileEncoding = 4; lastKnownFileType = sourcecode.c.objc; path = ZJTabBarController.m; sourceTree = "<group>"; };
		2F5584891CDF4AA8004E47EE /* main.m */ = {isa = PBXFileReference; fileEncoding = 4; lastKnownFileType = sourcecode.c.objc; path = main.m; sourceTree = "<group>"; };
		2F55848A1CDF4AA8004E47EE /* PrefixHeader.pch */ = {isa = PBXFileReference; fileEncoding = 4; lastKnownFileType = sourcecode.c.h; path = PrefixHeader.pch; sourceTree = "<group>"; };
		2F55848C1CDF4AA8004E47EE /* ZJTabBar.h */ = {isa = PBXFileReference; fileEncoding = 4; lastKnownFileType = sourcecode.c.h; path = ZJTabBar.h; sourceTree = "<group>"; };
		2F55848D1CDF4AA8004E47EE /* ZJTabBar.m */ = {isa = PBXFileReference; fileEncoding = 4; lastKnownFileType = sourcecode.c.objc; path = ZJTabBar.m; sourceTree = "<group>"; };
		2F58C19A1CDCEB9500B59ECD /* 百思不得姐.app */ = {isa = PBXFileReference; explicitFileType = wrapper.application; includeInIndex = 0; path = "百思不得姐.app"; sourceTree = BUILT_PRODUCTS_DIR; };
		2F58C1AE1CDCEB9500B59ECD /* Info.plist */ = {isa = PBXFileReference; lastKnownFileType = text.plist.xml; path = Info.plist; sourceTree = "<group>"; };
		2F58C1B31CDCEB9500B59ECD /* 百思不得姐Tests.xctest */ = {isa = PBXFileReference; explicitFileType = wrapper.cfbundle; includeInIndex = 0; path = "百思不得姐Tests.xctest"; sourceTree = BUILT_PRODUCTS_DIR; };
		2F58C1B71CDCEB9500B59ECD /* _____Tests.m */ = {isa = PBXFileReference; lastKnownFileType = sourcecode.c.objc; path = "_____Tests.m"; sourceTree = "<group>"; };
		2F58C1B91CDCEB9500B59ECD /* Info.plist */ = {isa = PBXFileReference; lastKnownFileType = text.plist.xml; path = Info.plist; sourceTree = "<group>"; };
		2F58C1BE1CDCEB9500B59ECD /* 百思不得姐UITests.xctest */ = {isa = PBXFileReference; explicitFileType = wrapper.cfbundle; includeInIndex = 0; path = "百思不得姐UITests.xctest"; sourceTree = BUILT_PRODUCTS_DIR; };
		2F58C1C21CDCEB9500B59ECD /* _____UITests.m */ = {isa = PBXFileReference; lastKnownFileType = sourcecode.c.objc; path = "_____UITests.m"; sourceTree = "<group>"; };
		2F58C1C41CDCEB9500B59ECD /* Info.plist */ = {isa = PBXFileReference; lastKnownFileType = text.plist.xml; path = Info.plist; sourceTree = "<group>"; };
		2F5F74701CE184F000E70295 /* ZJRecommandCategory.h */ = {isa = PBXFileReference; fileEncoding = 4; lastKnownFileType = sourcecode.c.h; path = ZJRecommandCategory.h; sourceTree = "<group>"; };
		2F5F74711CE184F000E70295 /* ZJRecommandCategory.m */ = {isa = PBXFileReference; fileEncoding = 4; lastKnownFileType = sourcecode.c.objc; path = ZJRecommandCategory.m; sourceTree = "<group>"; };
		2F5F74761CE1876600E70295 /* ZJRecommandTableViewCell.h */ = {isa = PBXFileReference; fileEncoding = 4; lastKnownFileType = sourcecode.c.h; path = ZJRecommandTableViewCell.h; sourceTree = "<group>"; };
		2F5F74771CE1876600E70295 /* ZJRecommandTableViewCell.m */ = {isa = PBXFileReference; fileEncoding = 4; lastKnownFileType = sourcecode.c.objc; path = ZJRecommandTableViewCell.m; sourceTree = "<group>"; };
		2F5F74781CE1876600E70295 /* ZJRecommandTableViewCell.xib */ = {isa = PBXFileReference; fileEncoding = 4; lastKnownFileType = file.xib; path = ZJRecommandTableViewCell.xib; sourceTree = "<group>"; };
		2F8213751CE6220200DC7204 /* ZJTopicCell.h */ = {isa = PBXFileReference; fileEncoding = 4; lastKnownFileType = sourcecode.c.h; path = ZJTopicCell.h; sourceTree = "<group>"; };
		2F8213761CE6220200DC7204 /* ZJTopicCell.m */ = {isa = PBXFileReference; fileEncoding = 4; lastKnownFileType = sourcecode.c.objc; path = ZJTopicCell.m; sourceTree = "<group>"; };
		2F8213771CE6220200DC7204 /* ZJTopicCell.xib */ = {isa = PBXFileReference; fileEncoding = 4; lastKnownFileType = file.xib; path = ZJTopicCell.xib; sourceTree = "<group>"; };
		2FC7E3DA1CE1D9470015EB49 /* ZJRecommandUserTableViewCell.h */ = {isa = PBXFileReference; fileEncoding = 4; lastKnownFileType = sourcecode.c.h; path = ZJRecommandUserTableViewCell.h; sourceTree = "<group>"; };
		2FC7E3DB1CE1D9470015EB49 /* ZJRecommandUserTableViewCell.m */ = {isa = PBXFileReference; fileEncoding = 4; lastKnownFileType = sourcecode.c.objc; path = ZJRecommandUserTableViewCell.m; sourceTree = "<group>"; };
		2FC7E3DC1CE1D9470015EB49 /* ZJRecommandUserTableViewCell.xib */ = {isa = PBXFileReference; fileEncoding = 4; lastKnownFileType = file.xib; path = ZJRecommandUserTableViewCell.xib; sourceTree = "<group>"; };
		2FC7E3DF1CE1DD5D0015EB49 /* ZJRecommandUser.h */ = {isa = PBXFileReference; fileEncoding = 4; lastKnownFileType = sourcecode.c.h; path = ZJRecommandUser.h; sourceTree = "<group>"; };
		2FC7E3E01CE1DD5D0015EB49 /* ZJRecommandUser.m */ = {isa = PBXFileReference; fileEncoding = 4; lastKnownFileType = sourcecode.c.objc; path = ZJRecommandUser.m; sourceTree = "<group>"; };
		2FDF52FF1CE316EB0091EF78 /* ZJRecommandTagsTableViewController.h */ = {isa = PBXFileReference; fileEncoding = 4; lastKnownFileType = sourcecode.c.h; path = ZJRecommandTagsTableViewController.h; sourceTree = "<group>"; };
		2FDF53001CE316EB0091EF78 /* ZJRecommandTagsTableViewController.m */ = {isa = PBXFileReference; fileEncoding = 4; lastKnownFileType = sourcecode.c.objc; path = ZJRecommandTagsTableViewController.m; sourceTree = "<group>"; };
		2FDF53021CE319B90091EF78 /* ZJRecommandTag.h */ = {isa = PBXFileReference; fileEncoding = 4; lastKnownFileType = sourcecode.c.h; path = ZJRecommandTag.h; sourceTree = "<group>"; };
		2FDF53031CE319B90091EF78 /* ZJRecommandTag.m */ = {isa = PBXFileReference; fileEncoding = 4; lastKnownFileType = sourcecode.c.objc; path = ZJRecommandTag.m; sourceTree = "<group>"; };
		2FDF53081CE31B820091EF78 /* ZJRecommandTagTableViewCell.h */ = {isa = PBXFileReference; fileEncoding = 4; lastKnownFileType = sourcecode.c.h; path = ZJRecommandTagTableViewCell.h; sourceTree = "<group>"; };
		2FDF53091CE31B820091EF78 /* ZJRecommandTagTableViewCell.m */ = {isa = PBXFileReference; fileEncoding = 4; lastKnownFileType = sourcecode.c.objc; path = ZJRecommandTagTableViewCell.m; sourceTree = "<group>"; };
		2FDF530A1CE31B820091EF78 /* ZJRecommandTagTableViewCell.xib */ = {isa = PBXFileReference; fileEncoding = 4; lastKnownFileType = file.xib; path = ZJRecommandTagTableViewCell.xib; sourceTree = "<group>"; };
		2FF871891CE17739002CEA2F /* ZJRecommandViewController.h */ = {isa = PBXFileReference; fileEncoding = 4; lastKnownFileType = sourcecode.c.h; path = ZJRecommandViewController.h; sourceTree = "<group>"; };
		2FF8718A1CE17739002CEA2F /* ZJRecommandViewController.m */ = {isa = PBXFileReference; fileEncoding = 4; lastKnownFileType = sourcecode.c.objc; path = ZJRecommandViewController.m; sourceTree = "<group>"; };
		2FF8718B1CE17739002CEA2F /* ZJRecommandViewController.xib */ = {isa = PBXFileReference; fileEncoding = 4; lastKnownFileType = file.xib; path = ZJRecommandViewController.xib; sourceTree = "<group>"; };
		3F6FF6C54BEA1E6E44FE6465 /* Pods.release.xcconfig */ = {isa = PBXFileReference; includeInIndex = 1; lastKnownFileType = text.xcconfig; name = Pods.release.xcconfig; path = "Pods/Target Support Files/Pods/Pods.release.xcconfig"; sourceTree = "<group>"; };
		9855FF11AD7D05171336403D /* libPods.a */ = {isa = PBXFileReference; explicitFileType = archive.ar; includeInIndex = 0; path = libPods.a; sourceTree = BUILT_PRODUCTS_DIR; };
		ECADB41E000B91A643A0CCB9 /* Pods.debug.xcconfig */ = {isa = PBXFileReference; includeInIndex = 1; lastKnownFileType = text.xcconfig; name = Pods.debug.xcconfig; path = "Pods/Target Support Files/Pods/Pods.debug.xcconfig"; sourceTree = "<group>"; };
/* End PBXFileReference section */

/* Begin PBXFrameworksBuildPhase section */
		2F58C1971CDCEB9500B59ECD /* Frameworks */ = {
			isa = PBXFrameworksBuildPhase;
			buildActionMask = 2147483647;
			files = (
				1A85C0B5DD675F13719DD645 /* libPods.a in Frameworks */,
			);
			runOnlyForDeploymentPostprocessing = 0;
		};
		2F58C1B01CDCEB9500B59ECD /* Frameworks */ = {
			isa = PBXFrameworksBuildPhase;
			buildActionMask = 2147483647;
			files = (
			);
			runOnlyForDeploymentPostprocessing = 0;
		};
		2F58C1BB1CDCEB9500B59ECD /* Frameworks */ = {
			isa = PBXFrameworksBuildPhase;
			buildActionMask = 2147483647;
			files = (
			);
			runOnlyForDeploymentPostprocessing = 0;
		};
/* End PBXFrameworksBuildPhase section */

/* Begin PBXGroup section */
		2F5584651CDF4AA8004E47EE /* Classes */ = {
			isa = PBXGroup;
			children = (
				2F5584661CDF4AA8004E47EE /* Essence */,
				2F55846C1CDF4AA8004E47EE /* FriendTrends */,
				2F5584781CDF4AA8004E47EE /* New */,
				2F5584721CDF4AA8004E47EE /* Me */,
				2F55847E1CDF4AA8004E47EE /* Other */,
			);
			path = Classes;
			sourceTree = "<group>";
		};
		2F5584661CDF4AA8004E47EE /* Essence */ = {
			isa = PBXGroup;
			children = (
				2F5584671CDF4AA8004E47EE /* Cotrollers */,
				2F55846A1CDF4AA8004E47EE /* Model */,
				2F55846B1CDF4AA8004E47EE /* View */,
			);
			path = Essence;
			sourceTree = "<group>";
		};
		2F5584671CDF4AA8004E47EE /* Cotrollers */ = {
			isa = PBXGroup;
			children = (
				2F5584681CDF4AA8004E47EE /* ZJEssenceViewController.h */,
				2F5584691CDF4AA8004E47EE /* ZJEssenceViewController.m */,
				2FDF52FF1CE316EB0091EF78 /* ZJRecommandTagsTableViewController.h */,
				2FDF53001CE316EB0091EF78 /* ZJRecommandTagsTableViewController.m */,
				2F3B0EE71CE499B30037121B /* ZJAllViewController.h */,
				2F3B0EE81CE499B30037121B /* ZJAllViewController.m */,
				2F3B0EEA1CE499C50037121B /* ZJVideoTableViewController.h */,
				2F3B0EEB1CE499C50037121B /* ZJVideoTableViewController.m */,
				2F3B0EED1CE499D10037121B /* ZJVoiceTableViewController.h */,
				2F3B0EEE1CE499D10037121B /* ZJVoiceTableViewController.m */,
				2F3B0EF01CE499E50037121B /* ZJPictureViewController.h */,
				2F3B0EF11CE499E50037121B /* ZJPictureViewController.m */,
				2F3B0EF31CE499F20037121B /* ZJWordsViewController.h */,
				2F3B0EF41CE499F20037121B /* ZJWordsViewController.m */,
			);
			path = Cotrollers;
			sourceTree = "<group>";
		};
		2F55846A1CDF4AA8004E47EE /* Model */ = {
			isa = PBXGroup;
			children = (
				2FDF53021CE319B90091EF78 /* ZJRecommandTag.h */,
				2FDF53031CE319B90091EF78 /* ZJRecommandTag.m */,
				2F40C7EF1CE5B12100A0EEE3 /* ZJTopic.h */,
				2F40C7F01CE5B12100A0EEE3 /* ZJTopic.m */,
			);
			path = Model;
			sourceTree = "<group>";
		};
		2F55846B1CDF4AA8004E47EE /* View */ = {
			isa = PBXGroup;
			children = (
				2FDF53081CE31B820091EF78 /* ZJRecommandTagTableViewCell.h */,
				2FDF53091CE31B820091EF78 /* ZJRecommandTagTableViewCell.m */,
				2FDF530A1CE31B820091EF78 /* ZJRecommandTagTableViewCell.xib */,
				2F8213751CE6220200DC7204 /* ZJTopicCell.h */,
				2F8213761CE6220200DC7204 /* ZJTopicCell.m */,
				2F8213771CE6220200DC7204 /* ZJTopicCell.xib */,
			);
			path = View;
			sourceTree = "<group>";
		};
		2F55846C1CDF4AA8004E47EE /* FriendTrends */ = {
			isa = PBXGroup;
			children = (
				2F55846D1CDF4AA8004E47EE /* Cotrollers */,
				2F5584701CDF4AA8004E47EE /* Model */,
				2F5584711CDF4AA8004E47EE /* View */,
			);
			path = FriendTrends;
			sourceTree = "<group>";
		};
		2F55846D1CDF4AA8004E47EE /* Cotrollers */ = {
			isa = PBXGroup;
			children = (
				2F55846E1CDF4AA8004E47EE /* ZJFriendTrendsViewController.h */,
				2F55846F1CDF4AA8004E47EE /* ZJFriendTrendsViewController.m */,
				2F46C4251CE16CB90027FB35 /* ZJFriendTrendsViewController.xib */,
				2FF871891CE17739002CEA2F /* ZJRecommandViewController.h */,
				2FF8718A1CE17739002CEA2F /* ZJRecommandViewController.m */,
				2FF8718B1CE17739002CEA2F /* ZJRecommandViewController.xib */,
			);
			path = Cotrollers;
			sourceTree = "<group>";
		};
		2F5584701CDF4AA8004E47EE /* Model */ = {
			isa = PBXGroup;
			children = (
				2F5F74701CE184F000E70295 /* ZJRecommandCategory.h */,
				2F5F74711CE184F000E70295 /* ZJRecommandCategory.m */,
				2FC7E3DF1CE1DD5D0015EB49 /* ZJRecommandUser.h */,
				2FC7E3E01CE1DD5D0015EB49 /* ZJRecommandUser.m */,
			);
			path = Model;
			sourceTree = "<group>";
		};
		2F5584711CDF4AA8004E47EE /* View */ = {
			isa = PBXGroup;
			children = (
				2F5F74761CE1876600E70295 /* ZJRecommandTableViewCell.h */,
				2F5F74771CE1876600E70295 /* ZJRecommandTableViewCell.m */,
				2F5F74781CE1876600E70295 /* ZJRecommandTableViewCell.xib */,
				2FC7E3DA1CE1D9470015EB49 /* ZJRecommandUserTableViewCell.h */,
				2FC7E3DB1CE1D9470015EB49 /* ZJRecommandUserTableViewCell.m */,
				2FC7E3DC1CE1D9470015EB49 /* ZJRecommandUserTableViewCell.xib */,
			);
			path = View;
			sourceTree = "<group>";
		};
		2F5584721CDF4AA8004E47EE /* Me */ = {
			isa = PBXGroup;
			children = (
				2F5584731CDF4AA8004E47EE /* Cotrollers */,
				2F5584761CDF4AA8004E47EE /* Model */,
				2F5584771CDF4AA8004E47EE /* View */,
			);
			path = Me;
			sourceTree = "<group>";
		};
		2F5584731CDF4AA8004E47EE /* Cotrollers */ = {
			isa = PBXGroup;
			children = (
				2F5584741CDF4AA8004E47EE /* ZJMeViewController.h */,
				2F5584751CDF4AA8004E47EE /* ZJMeViewController.m */,
			);
			path = Cotrollers;
			sourceTree = "<group>";
		};
		2F5584761CDF4AA8004E47EE /* Model */ = {
			isa = PBXGroup;
			children = (
			);
			path = Model;
			sourceTree = "<group>";
		};
		2F5584771CDF4AA8004E47EE /* View */ = {
			isa = PBXGroup;
			children = (
			);
			path = View;
			sourceTree = "<group>";
		};
		2F5584781CDF4AA8004E47EE /* New */ = {
			isa = PBXGroup;
			children = (
				2F5584791CDF4AA8004E47EE /* Cotrollers */,
				2F55847C1CDF4AA8004E47EE /* Model */,
				2F55847D1CDF4AA8004E47EE /* View */,
			);
			path = New;
			sourceTree = "<group>";
		};
		2F5584791CDF4AA8004E47EE /* Cotrollers */ = {
			isa = PBXGroup;
			children = (
				2F55847A1CDF4AA8004E47EE /* ZJNewViewController.h */,
				2F55847B1CDF4AA8004E47EE /* ZJNewViewController.m */,
			);
			path = Cotrollers;
			sourceTree = "<group>";
		};
		2F55847C1CDF4AA8004E47EE /* Model */ = {
			isa = PBXGroup;
			children = (
			);
			path = Model;
			sourceTree = "<group>";
		};
		2F55847D1CDF4AA8004E47EE /* View */ = {
			isa = PBXGroup;
			children = (
			);
			path = View;
			sourceTree = "<group>";
		};
		2F55847E1CDF4AA8004E47EE /* Other */ = {
			isa = PBXGroup;
			children = (
				2F5584811CDF4AA8004E47EE /* Category */,
				2F5584861CDF4AA8004E47EE /* Controllers */,
				2F55848B1CDF4AA8004E47EE /* View */,
				2F55847F1CDF4AA8004E47EE /* AppDelegate.h */,
				2F5584801CDF4AA8004E47EE /* AppDelegate.m */,
				2F5584891CDF4AA8004E47EE /* main.m */,
				2F55848A1CDF4AA8004E47EE /* PrefixHeader.pch */,
			);
			path = Other;
			sourceTree = "<group>";
		};
		2F5584811CDF4AA8004E47EE /* Category */ = {
			isa = PBXGroup;
			children = (
				2F5584821CDF4AA8004E47EE /* UIBarButtonItem+ZJExtension.h */,
				2F5584831CDF4AA8004E47EE /* UIBarButtonItem+ZJExtension.m */,
				2F5584841CDF4AA8004E47EE /* UIView+ZJExtense.h */,
				2F5584851CDF4AA8004E47EE /* UIView+ZJExtense.m */,
			);
			path = Category;
			sourceTree = "<group>";
		};
		2F5584861CDF4AA8004E47EE /* Controllers */ = {
			isa = PBXGroup;
			children = (
				2F5584871CDF4AA8004E47EE /* ZJTabBarController.h */,
				2F5584881CDF4AA8004E47EE /* ZJTabBarController.m */,
				2F0592B51CE0684900336E29 /* ZJNavigationController.h */,
				2F0592B61CE0684900336E29 /* ZJNavigationController.m */,
			);
			path = Controllers;
			sourceTree = "<group>";
		};
		2F55848B1CDF4AA8004E47EE /* View */ = {
			isa = PBXGroup;
			children = (
				2F55848C1CDF4AA8004E47EE /* ZJTabBar.h */,
				2F55848D1CDF4AA8004E47EE /* ZJTabBar.m */,
			);
			path = View;
			sourceTree = "<group>";
		};
		2F58C1911CDCEB9500B59ECD = {
			isa = PBXGroup;
			children = (
				2F58C19C1CDCEB9500B59ECD /* 百思不得姐 */,
				2F58C1B61CDCEB9500B59ECD /* 百思不得姐Tests */,
				2F58C1C11CDCEB9500B59ECD /* 百思不得姐UITests */,
				2F58C19B1CDCEB9500B59ECD /* Products */,
				F650828E2DAB99F36DDF133D /* Pods */,
				F7AF8C4D5233079BCDEEC31D /* Frameworks */,
			);
			sourceTree = "<group>";
		};
		2F58C19B1CDCEB9500B59ECD /* Products */ = {
			isa = PBXGroup;
			children = (
				2F58C19A1CDCEB9500B59ECD /* 百思不得姐.app */,
				2F58C1B31CDCEB9500B59ECD /* 百思不得姐Tests.xctest */,
				2F58C1BE1CDCEB9500B59ECD /* 百思不得姐UITests.xctest */,
			);
			name = Products;
			sourceTree = "<group>";
		};
		2F58C19C1CDCEB9500B59ECD /* 百思不得姐 */ = {
			isa = PBXGroup;
			children = (
				2F5584651CDF4AA8004E47EE /* Classes */,
				2F58C19D1CDCEB9500B59ECD /* Supporting Files */,
			);
			path = "百思不得姐";
			sourceTree = "<group>";
		};
		2F58C19D1CDCEB9500B59ECD /* Supporting Files */ = {
			isa = PBXGroup;
			children = (
				2F5584421CDE74D8004E47EE /* Images.xcassets */,
				2F58C1AE1CDCEB9500B59ECD /* Info.plist */,
			);
			name = "Supporting Files";
			sourceTree = "<group>";
		};
		2F58C1B61CDCEB9500B59ECD /* 百思不得姐Tests */ = {
			isa = PBXGroup;
			children = (
				2F58C1B71CDCEB9500B59ECD /* _____Tests.m */,
				2F58C1B91CDCEB9500B59ECD /* Info.plist */,
			);
			path = "百思不得姐Tests";
			sourceTree = "<group>";
		};
		2F58C1C11CDCEB9500B59ECD /* 百思不得姐UITests */ = {
			isa = PBXGroup;
			children = (
				2F58C1C21CDCEB9500B59ECD /* _____UITests.m */,
				2F58C1C41CDCEB9500B59ECD /* Info.plist */,
			);
			path = "百思不得姐UITests";
			sourceTree = "<group>";
		};
		F650828E2DAB99F36DDF133D /* Pods */ = {
			isa = PBXGroup;
			children = (
				ECADB41E000B91A643A0CCB9 /* Pods.debug.xcconfig */,
				3F6FF6C54BEA1E6E44FE6465 /* Pods.release.xcconfig */,
			);
			name = Pods;
			sourceTree = "<group>";
		};
		F7AF8C4D5233079BCDEEC31D /* Frameworks */ = {
			isa = PBXGroup;
			children = (
				9855FF11AD7D05171336403D /* libPods.a */,
			);
			name = Frameworks;
			sourceTree = "<group>";
		};
/* End PBXGroup section */

/* Begin PBXNativeTarget section */
		2F58C1991CDCEB9500B59ECD /* 百思不得姐 */ = {
			isa = PBXNativeTarget;
			buildConfigurationList = 2F58C1C71CDCEB9500B59ECD /* Build configuration list for PBXNativeTarget "百思不得姐" */;
			buildPhases = (
				158A5356A4D3086EAF4C37BB /* Check Pods Manifest.lock */,
				2F58C1961CDCEB9500B59ECD /* Sources */,
				2F58C1971CDCEB9500B59ECD /* Frameworks */,
				2F58C1981CDCEB9500B59ECD /* Resources */,
				A2A2A12A84B920AC043A4B6F /* Embed Pods Frameworks */,
				6E5B2EEF54631DE621147E6B /* Copy Pods Resources */,
			);
			buildRules = (
			);
			dependencies = (
			);
			name = "百思不得姐";
			productName = "百思不得姐";
			productReference = 2F58C19A1CDCEB9500B59ECD /* 百思不得姐.app */;
			productType = "com.apple.product-type.application";
		};
		2F58C1B21CDCEB9500B59ECD /* 百思不得姐Tests */ = {
			isa = PBXNativeTarget;
			buildConfigurationList = 2F58C1CA1CDCEB9500B59ECD /* Build configuration list for PBXNativeTarget "百思不得姐Tests" */;
			buildPhases = (
				2F58C1AF1CDCEB9500B59ECD /* Sources */,
				2F58C1B01CDCEB9500B59ECD /* Frameworks */,
				2F58C1B11CDCEB9500B59ECD /* Resources */,
			);
			buildRules = (
			);
			dependencies = (
				2F58C1B51CDCEB9500B59ECD /* PBXTargetDependency */,
			);
			name = "百思不得姐Tests";
			productName = "百思不得姐Tests";
			productReference = 2F58C1B31CDCEB9500B59ECD /* 百思不得姐Tests.xctest */;
			productType = "com.apple.product-type.bundle.unit-test";
		};
		2F58C1BD1CDCEB9500B59ECD /* 百思不得姐UITests */ = {
			isa = PBXNativeTarget;
			buildConfigurationList = 2F58C1CD1CDCEB9500B59ECD /* Build configuration list for PBXNativeTarget "百思不得姐UITests" */;
			buildPhases = (
				2F58C1BA1CDCEB9500B59ECD /* Sources */,
				2F58C1BB1CDCEB9500B59ECD /* Frameworks */,
				2F58C1BC1CDCEB9500B59ECD /* Resources */,
			);
			buildRules = (
			);
			dependencies = (
				2F58C1C01CDCEB9500B59ECD /* PBXTargetDependency */,
			);
			name = "百思不得姐UITests";
			productName = "百思不得姐UITests";
			productReference = 2F58C1BE1CDCEB9500B59ECD /* 百思不得姐UITests.xctest */;
			productType = "com.apple.product-type.bundle.ui-testing";
		};
/* End PBXNativeTarget section */

/* Begin PBXProject section */
		2F58C1921CDCEB9500B59ECD /* Project object */ = {
			isa = PBXProject;
			attributes = {
				CLASSPREFIX = ZJ;
				LastUpgradeCheck = 0710;
				ORGANIZATIONNAME = zhangjie;
				TargetAttributes = {
					2F58C1991CDCEB9500B59ECD = {
						CreatedOnToolsVersion = 7.1.1;
						DevelopmentTeam = Z822K6T9AA;
					};
					2F58C1B21CDCEB9500B59ECD = {
						CreatedOnToolsVersion = 7.1.1;
						DevelopmentTeam = Z822K6T9AA;
						TestTargetID = 2F58C1991CDCEB9500B59ECD;
					};
					2F58C1BD1CDCEB9500B59ECD = {
						CreatedOnToolsVersion = 7.1.1;
						DevelopmentTeam = Z822K6T9AA;
						TestTargetID = 2F58C1991CDCEB9500B59ECD;
					};
				};
			};
			buildConfigurationList = 2F58C1951CDCEB9500B59ECD /* Build configuration list for PBXProject "百思不得姐" */;
			compatibilityVersion = "Xcode 3.2";
			developmentRegion = English;
			hasScannedForEncodings = 0;
			knownRegions = (
				en,
				Base,
			);
			mainGroup = 2F58C1911CDCEB9500B59ECD;
			productRefGroup = 2F58C19B1CDCEB9500B59ECD /* Products */;
			projectDirPath = "";
			projectRoot = "";
			targets = (
				2F58C1991CDCEB9500B59ECD /* 百思不得姐 */,
				2F58C1B21CDCEB9500B59ECD /* 百思不得姐Tests */,
				2F58C1BD1CDCEB9500B59ECD /* 百思不得姐UITests */,
			);
		};
/* End PBXProject section */

/* Begin PBXResourcesBuildPhase section */
		2F58C1981CDCEB9500B59ECD /* Resources */ = {
			isa = PBXResourcesBuildPhase;
			buildActionMask = 2147483647;
			files = (
				2F46C4261CE16CB90027FB35 /* ZJFriendTrendsViewController.xib in Resources */,
				2FC7E3DE1CE1D9470015EB49 /* ZJRecommandUserTableViewCell.xib in Resources */,
				2FF8718D1CE17739002CEA2F /* ZJRecommandViewController.xib in Resources */,
				2F8213791CE6220200DC7204 /* ZJTopicCell.xib in Resources */,
				2F5F747A1CE1876600E70295 /* ZJRecommandTableViewCell.xib in Resources */,
				2F5584431CDE74D8004E47EE /* Images.xcassets in Resources */,
				2FDF530C1CE31B820091EF78 /* ZJRecommandTagTableViewCell.xib in Resources */,
			);
			runOnlyForDeploymentPostprocessing = 0;
		};
		2F58C1B11CDCEB9500B59ECD /* Resources */ = {
			isa = PBXResourcesBuildPhase;
			buildActionMask = 2147483647;
			files = (
			);
			runOnlyForDeploymentPostprocessing = 0;
		};
		2F58C1BC1CDCEB9500B59ECD /* Resources */ = {
			isa = PBXResourcesBuildPhase;
			buildActionMask = 2147483647;
			files = (
			);
			runOnlyForDeploymentPostprocessing = 0;
		};
/* End PBXResourcesBuildPhase section */

/* Begin PBXShellScriptBuildPhase section */
		158A5356A4D3086EAF4C37BB /* Check Pods Manifest.lock */ = {
			isa = PBXShellScriptBuildPhase;
			buildActionMask = 2147483647;
			files = (
			);
			inputPaths = (
			);
			name = "Check Pods Manifest.lock";
			outputPaths = (
			);
			runOnlyForDeploymentPostprocessing = 0;
			shellPath = /bin/sh;
			shellScript = "diff \"${PODS_ROOT}/../Podfile.lock\" \"${PODS_ROOT}/Manifest.lock\" > /dev/null\nif [[ $? != 0 ]] ; then\n    cat << EOM\nerror: The sandbox is not in sync with the Podfile.lock. Run 'pod install' or update your CocoaPods installation.\nEOM\n    exit 1\nfi\n";
			showEnvVarsInLog = 0;
		};
		6E5B2EEF54631DE621147E6B /* Copy Pods Resources */ = {
			isa = PBXShellScriptBuildPhase;
			buildActionMask = 2147483647;
			files = (
			);
			inputPaths = (
			);
			name = "Copy Pods Resources";
			outputPaths = (
			);
			runOnlyForDeploymentPostprocessing = 0;
			shellPath = /bin/sh;
			shellScript = "\"${SRCROOT}/Pods/Target Support Files/Pods/Pods-resources.sh\"\n";
			showEnvVarsInLog = 0;
		};
		A2A2A12A84B920AC043A4B6F /* Embed Pods Frameworks */ = {
			isa = PBXShellScriptBuildPhase;
			buildActionMask = 2147483647;
			files = (
			);
			inputPaths = (
			);
			name = "Embed Pods Frameworks";
			outputPaths = (
			);
			runOnlyForDeploymentPostprocessing = 0;
			shellPath = /bin/sh;
			shellScript = "\"${SRCROOT}/Pods/Target Support Files/Pods/Pods-frameworks.sh\"\n";
			showEnvVarsInLog = 0;
		};
/* End PBXShellScriptBuildPhase section */

/* Begin PBXSourcesBuildPhase section */
		2F58C1961CDCEB9500B59ECD /* Sources */ = {
			isa = PBXSourcesBuildPhase;
			buildActionMask = 2147483647;
			files = (
				2F0592B71CE0684900336E29 /* ZJNavigationController.m in Sources */,
				2F5584901CDF4AA8004E47EE /* ZJMeViewController.m in Sources */,
				2F3B0EEF1CE499D10037121B /* ZJVoiceTableViewController.m in Sources */,
				2F5584941CDF4AA8004E47EE /* UIView+ZJExtense.m in Sources */,
				2F5584911CDF4AA8004E47EE /* ZJNewViewController.m in Sources */,
				2F40C7F11CE5B12100A0EEE3 /* ZJTopic.m in Sources */,
				2F5584951CDF4AA8004E47EE /* ZJTabBarController.m in Sources */,
				2FC7E3E11CE1DD5D0015EB49 /* ZJRecommandUser.m in Sources */,
				2F55848F1CDF4AA8004E47EE /* ZJFriendTrendsViewController.m in Sources */,
				2F55848E1CDF4AA8004E47EE /* ZJEssenceViewController.m in Sources */,
				2F3B0EEC1CE499C50037121B /* ZJVideoTableViewController.m in Sources */,
				2FDF53011CE316EB0091EF78 /* ZJRecommandTagsTableViewController.m in Sources */,
				2FDF53041CE319B90091EF78 /* ZJRecommandTag.m in Sources */,
				2FF8718C1CE17739002CEA2F /* ZJRecommandViewController.m in Sources */,
				2F5F74791CE1876600E70295 /* ZJRecommandTableViewCell.m in Sources */,
				2F3B0EE91CE499B30037121B /* ZJAllViewController.m in Sources */,
				2FDF530B1CE31B820091EF78 /* ZJRecommandTagTableViewCell.m in Sources */,
				2F3B0EF21CE499E50037121B /* ZJPictureViewController.m in Sources */,
				2F5584931CDF4AA8004E47EE /* UIBarButtonItem+ZJExtension.m in Sources */,
				2F5584961CDF4AA8004E47EE /* main.m in Sources */,
				2F5584921CDF4AA8004E47EE /* AppDelegate.m in Sources */,
				2F8213781CE6220200DC7204 /* ZJTopicCell.m in Sources */,
				2F3B0EF51CE499F20037121B /* ZJWordsViewController.m in Sources */,
				2F5F74721CE184F000E70295 /* ZJRecommandCategory.m in Sources */,
				2F5584971CDF4AA8004E47EE /* ZJTabBar.m in Sources */,
				2FC7E3DD1CE1D9470015EB49 /* ZJRecommandUserTableViewCell.m in Sources */,
			);
			runOnlyForDeploymentPostprocessing = 0;
		};
		2F58C1AF1CDCEB9500B59ECD /* Sources */ = {
			isa = PBXSourcesBuildPhase;
			buildActionMask = 2147483647;
			files = (
				2F58C1B81CDCEB9500B59ECD /* _____Tests.m in Sources */,
			);
			runOnlyForDeploymentPostprocessing = 0;
		};
		2F58C1BA1CDCEB9500B59ECD /* Sources */ = {
			isa = PBXSourcesBuildPhase;
			buildActionMask = 2147483647;
			files = (
				2F58C1C31CDCEB9500B59ECD /* _____UITests.m in Sources */,
			);
			runOnlyForDeploymentPostprocessing = 0;
		};
/* End PBXSourcesBuildPhase section */

/* Begin PBXTargetDependency section */
		2F58C1B51CDCEB9500B59ECD /* PBXTargetDependency */ = {
			isa = PBXTargetDependency;
			target = 2F58C1991CDCEB9500B59ECD /* 百思不得姐 */;
			targetProxy = 2F58C1B41CDCEB9500B59ECD /* PBXContainerItemProxy */;
		};
		2F58C1C01CDCEB9500B59ECD /* PBXTargetDependency */ = {
			isa = PBXTargetDependency;
			target = 2F58C1991CDCEB9500B59ECD /* 百思不得姐 */;
			targetProxy = 2F58C1BF1CDCEB9500B59ECD /* PBXContainerItemProxy */;
		};
/* End PBXTargetDependency section */

/* Begin XCBuildConfiguration section */
		2F58C1C51CDCEB9500B59ECD /* Debug */ = {
			isa = XCBuildConfiguration;
			buildSettings = {
				ALWAYS_SEARCH_USER_PATHS = NO;
				CLANG_CXX_LANGUAGE_STANDARD = "gnu++0x";
				CLANG_CXX_LIBRARY = "libc++";
				CLANG_ENABLE_MODULES = YES;
				CLANG_ENABLE_OBJC_ARC = YES;
				CLANG_WARN_BOOL_CONVERSION = YES;
				CLANG_WARN_CONSTANT_CONVERSION = YES;
				CLANG_WARN_DIRECT_OBJC_ISA_USAGE = YES_ERROR;
				CLANG_WARN_EMPTY_BODY = YES;
				CLANG_WARN_ENUM_CONVERSION = YES;
				CLANG_WARN_INT_CONVERSION = YES;
				CLANG_WARN_OBJC_ROOT_CLASS = YES_ERROR;
				CLANG_WARN_UNREACHABLE_CODE = YES;
				CLANG_WARN__DUPLICATE_METHOD_MATCH = YES;
				"CODE_SIGN_IDENTITY[sdk=iphoneos*]" = "iPhone Developer";
				COPY_PHASE_STRIP = NO;
				DEBUG_INFORMATION_FORMAT = dwarf;
				ENABLE_STRICT_OBJC_MSGSEND = YES;
				ENABLE_TESTABILITY = YES;
				GCC_C_LANGUAGE_STANDARD = gnu99;
				GCC_DYNAMIC_NO_PIC = NO;
				GCC_NO_COMMON_BLOCKS = YES;
				GCC_OPTIMIZATION_LEVEL = 0;
				GCC_PREPROCESSOR_DEFINITIONS = (
					"DEBUG=1",
					"$(inherited)",
				);
				GCC_WARN_64_TO_32_BIT_CONVERSION = YES;
				GCC_WARN_ABOUT_RETURN_TYPE = YES_ERROR;
				GCC_WARN_UNDECLARED_SELECTOR = YES;
				GCC_WARN_UNINITIALIZED_AUTOS = YES_AGGRESSIVE;
				GCC_WARN_UNUSED_FUNCTION = YES;
				GCC_WARN_UNUSED_VARIABLE = YES;
				IPHONEOS_DEPLOYMENT_TARGET = 9.1;
				MTL_ENABLE_DEBUG_INFO = YES;
				ONLY_ACTIVE_ARCH = YES;
				SDKROOT = iphoneos;
			};
			name = Debug;
		};
		2F58C1C61CDCEB9500B59ECD /* Release */ = {
			isa = XCBuildConfiguration;
			buildSettings = {
				ALWAYS_SEARCH_USER_PATHS = NO;
				CLANG_CXX_LANGUAGE_STANDARD = "gnu++0x";
				CLANG_CXX_LIBRARY = "libc++";
				CLANG_ENABLE_MODULES = YES;
				CLANG_ENABLE_OBJC_ARC = YES;
				CLANG_WARN_BOOL_CONVERSION = YES;
				CLANG_WARN_CONSTANT_CONVERSION = YES;
				CLANG_WARN_DIRECT_OBJC_ISA_USAGE = YES_ERROR;
				CLANG_WARN_EMPTY_BODY = YES;
				CLANG_WARN_ENUM_CONVERSION = YES;
				CLANG_WARN_INT_CONVERSION = YES;
				CLANG_WARN_OBJC_ROOT_CLASS = YES_ERROR;
				CLANG_WARN_UNREACHABLE_CODE = YES;
				CLANG_WARN__DUPLICATE_METHOD_MATCH = YES;
				"CODE_SIGN_IDENTITY[sdk=iphoneos*]" = "iPhone Developer";
				COPY_PHASE_STRIP = NO;
				DEBUG_INFORMATION_FORMAT = "dwarf-with-dsym";
				ENABLE_NS_ASSERTIONS = NO;
				ENABLE_STRICT_OBJC_MSGSEND = YES;
				GCC_C_LANGUAGE_STANDARD = gnu99;
				GCC_NO_COMMON_BLOCKS = YES;
				GCC_WARN_64_TO_32_BIT_CONVERSION = YES;
				GCC_WARN_ABOUT_RETURN_TYPE = YES_ERROR;
				GCC_WARN_UNDECLARED_SELECTOR = YES;
				GCC_WARN_UNINITIALIZED_AUTOS = YES_AGGRESSIVE;
				GCC_WARN_UNUSED_FUNCTION = YES;
				GCC_WARN_UNUSED_VARIABLE = YES;
				IPHONEOS_DEPLOYMENT_TARGET = 9.1;
				MTL_ENABLE_DEBUG_INFO = NO;
				SDKROOT = iphoneos;
				VALIDATE_PRODUCT = YES;
			};
			name = Release;
		};
		2F58C1C81CDCEB9500B59ECD /* Debug */ = {
			isa = XCBuildConfiguration;
			baseConfigurationReference = ECADB41E000B91A643A0CCB9 /* Pods.debug.xcconfig */;
			buildSettings = {
				ASSETCATALOG_COMPILER_APPICON_NAME = AppIcon;
				ASSETCATALOG_COMPILER_LAUNCHIMAGE_NAME = LaunchImage;
				GCC_PREFIX_HEADER = "/Users/zhangjie/GitHub/baisibudejie/百思不得姐/百思不得姐/Classes/Other/PrefixHeader.pch";
				INFOPLIST_FILE = "百思不得姐/Info.plist";
				LD_RUNPATH_SEARCH_PATHS = "$(inherited) @executable_path/Frameworks";
				PRODUCT_BUNDLE_IDENTIFIER = HGame.wyzcNews;
				PRODUCT_NAME = "$(TARGET_NAME)";
			};
			name = Debug;
		};
		2F58C1C91CDCEB9500B59ECD /* Release */ = {
			isa = XCBuildConfiguration;
			baseConfigurationReference = 3F6FF6C54BEA1E6E44FE6465 /* Pods.release.xcconfig */;
			buildSettings = {
				ASSETCATALOG_COMPILER_APPICON_NAME = AppIcon;
				ASSETCATALOG_COMPILER_LAUNCHIMAGE_NAME = LaunchImage;
				GCC_PREFIX_HEADER = "/Users/zhangjie/GitHub/baisibudejie/百思不得姐/百思不得姐/Classes/Other/PrefixHeader.pch";
				INFOPLIST_FILE = "百思不得姐/Info.plist";
				LD_RUNPATH_SEARCH_PATHS = "$(inherited) @executable_path/Frameworks";
				PRODUCT_BUNDLE_IDENTIFIER = HGame.wyzcNews;
				PRODUCT_NAME = "$(TARGET_NAME)";
			};
			name = Release;
		};
		2F58C1CB1CDCEB9500B59ECD /* Debug */ = {
			isa = XCBuildConfiguration;
			buildSettings = {
				BUNDLE_LOADER = "$(TEST_HOST)";
				INFOPLIST_FILE = "百思不得姐Tests/Info.plist";
				LD_RUNPATH_SEARCH_PATHS = "$(inherited) @executable_path/Frameworks @loader_path/Frameworks";
				PRODUCT_BUNDLE_IDENTIFIER = "SuperShit.-----Tests";
				PRODUCT_NAME = "$(TARGET_NAME)";
				TEST_HOST = "$(BUILT_PRODUCTS_DIR)/百思不得姐.app/百思不得姐";
			};
			name = Debug;
		};
		2F58C1CC1CDCEB9500B59ECD /* Release */ = {
			isa = XCBuildConfiguration;
			buildSettings = {
				BUNDLE_LOADER = "$(TEST_HOST)";
				INFOPLIST_FILE = "百思不得姐Tests/Info.plist";
				LD_RUNPATH_SEARCH_PATHS = "$(inherited) @executable_path/Frameworks @loader_path/Frameworks";
				PRODUCT_BUNDLE_IDENTIFIER = "SuperShit.-----Tests";
				PRODUCT_NAME = "$(TARGET_NAME)";
				TEST_HOST = "$(BUILT_PRODUCTS_DIR)/百思不得姐.app/百思不得姐";
			};
			name = Release;
		};
		2F58C1CE1CDCEB9500B59ECD /* Debug */ = {
			isa = XCBuildConfiguration;
			buildSettings = {
				INFOPLIST_FILE = "百思不得姐UITests/Info.plist";
				LD_RUNPATH_SEARCH_PATHS = "$(inherited) @executable_path/Frameworks @loader_path/Frameworks";
				PRODUCT_BUNDLE_IDENTIFIER = "SuperShit.-----UITests";
				PRODUCT_NAME = "$(TARGET_NAME)";
				TEST_TARGET_NAME = "百思不得姐";
				USES_XCTRUNNER = YES;
			};
			name = Debug;
		};
		2F58C1CF1CDCEB9500B59ECD /* Release */ = {
			isa = XCBuildConfiguration;
			buildSettings = {
				INFOPLIST_FILE = "百思不得姐UITests/Info.plist";
				LD_RUNPATH_SEARCH_PATHS = "$(inherited) @executable_path/Frameworks @loader_path/Frameworks";
				PRODUCT_BUNDLE_IDENTIFIER = "SuperShit.-----UITests";
				PRODUCT_NAME = "$(TARGET_NAME)";
				TEST_TARGET_NAME = "百思不得姐";
				USES_XCTRUNNER = YES;
			};
			name = Release;
		};
/* End XCBuildConfiguration section */

/* Begin XCConfigurationList section */
		2F58C1951CDCEB9500B59ECD /* Build configuration list for PBXProject "百思不得姐" */ = {
			isa = XCConfigurationList;
			buildConfigurations = (
				2F58C1C51CDCEB9500B59ECD /* Debug */,
				2F58C1C61CDCEB9500B59ECD /* Release */,
			);
			defaultConfigurationIsVisible = 0;
			defaultConfigurationName = Release;
		};
		2F58C1C71CDCEB9500B59ECD /* Build configuration list for PBXNativeTarget "百思不得姐" */ = {
			isa = XCConfigurationList;
			buildConfigurations = (
				2F58C1C81CDCEB9500B59ECD /* Debug */,
				2F58C1C91CDCEB9500B59ECD /* Release */,
			);
			defaultConfigurationIsVisible = 0;
			defaultConfigurationName = Release;
		};
		2F58C1CA1CDCEB9500B59ECD /* Build configuration list for PBXNativeTarget "百思不得姐Tests" */ = {
			isa = XCConfigurationList;
			buildConfigurations = (
				2F58C1CB1CDCEB9500B59ECD /* Debug */,
				2F58C1CC1CDCEB9500B59ECD /* Release */,
			);
			defaultConfigurationIsVisible = 0;
			defaultConfigurationName = Release;
		};
		2F58C1CD1CDCEB9500B59ECD /* Build configuration list for PBXNativeTarget "百思不得姐UITests" */ = {
			isa = XCConfigurationList;
			buildConfigurations = (
				2F58C1CE1CDCEB9500B59ECD /* Debug */,
				2F58C1CF1CDCEB9500B59ECD /* Release */,
			);
			defaultConfigurationIsVisible = 0;
			defaultConfigurationName = Release;
		};
/* End XCConfigurationList section */
	};
	rootObject = 2F58C1921CDCEB9500B59ECD /* Project object */;
}
